
Microsoft Visual Studio Solution File, Format Version 12.00
# Visual Studio Version 17
VisualStudioVersion = 17.1.32414.318
MinimumVisualStudioVersion = 10.0.40219.1
Project("{FAE04EC0-301F-11D3-BF4B-00C04F79EFBC}") = "skinchanger-cod4", "skinchanger-cod4.csproj", "{CCD1432D-A680-4CDA-B75C-6E6B33D0C1D3}"
EndProject
Global
	GlobalSection(SolutionConfigurationPlatforms) = preSolution
		Debug|Any CPU = Debug|Any CPU
		Release|Any CPU = Release|Any CPU
	EndGlobalSection
	GlobalSection(ProjectConfigurationPlatforms) = postSolution
		{CCD1432D-A680-4CDA-B75C-6E6B33D0C1D3}.Debug|Any CPU.ActiveCfg = Debug|Any CPU
		{CCD1432D-A680-4CDA-B75C-6E6B33D0C1D3}.Debug|Any CPU.Build.0 = Debug|Any CPU
		{CCD1432D-A680-4CDA-B75C-6E6B33D0C1D3}.Release|Any CPU.ActiveCfg = Release|Any CPU
		{CCD1432D-A680-4CDA-B75C-6E6B33D0C1D3}.Release|Any CPU.Build.0 = Release|Any CPU
	EndGlobalSection
	GlobalSection(SolutionProperties) = preSolution
		HideSolutionNode = FALSE
	EndGlobalSection
	GlobalSection(ExtensibilityGlobals) = postSolution
		SolutionGuid = {61E3DE3B-5434-412D-AB51-9D1B1CC3255F}
	EndGlobalSection
EndGlobal
