
Microsoft Visual Studio Solution File, Format Version 12.00
# Visual Studio Version 17
VisualStudioVersion = 17.1.32414.318
MinimumVisualStudioVersion = 10.0.40219.1
Project("{FAE04EC0-301F-11D3-BF4B-00C04F79EFBC}") = "skinchangercod4-flab", "skinchangercod4-flab.csproj", "{9F52904E-3340-4961-8B03-591812FD4CAF}"
EndProject
Global
	GlobalSection(SolutionConfigurationPlatforms) = preSolution
		Debug|Any CPU = Debug|Any CPU
		Release|Any CPU = Release|Any CPU
	EndGlobalSection
	GlobalSection(ProjectConfigurationPlatforms) = postSolution
		{9F52904E-3340-4961-8B03-591812FD4CAF}.Debug|Any CPU.ActiveCfg = Debug|Any CPU
		{9F52904E-3340-4961-8B03-591812FD4CAF}.Debug|Any CPU.Build.0 = Debug|Any CPU
		{9F52904E-3340-4961-8B03-591812FD4CAF}.Release|Any CPU.ActiveCfg = Release|Any CPU
		{9F52904E-3340-4961-8B03-591812FD4CAF}.Release|Any CPU.Build.0 = Release|Any CPU
	EndGlobalSection
	GlobalSection(SolutionProperties) = preSolution
		HideSolutionNode = FALSE
	EndGlobalSection
	GlobalSection(ExtensibilityGlobals) = postSolution
		SolutionGuid = {539AAB9D-50E8-4C17-92EE-8D994914DC3C}
	EndGlobalSection
EndGlobal
